
Microsoft Visual Studio Solution File, Format Version 12.00
# Visual Studio 14
VisualStudioVersion = 14.0.25123.0
MinimumVisualStudioVersion = 10.0.40219.1
Project("{FAE04EC0-301F-11D3-BF4B-00C04F79EFBC}") = "iGymConnect", "iGymConnect\iGymConnect.csproj", "{6464D6F0-0D58-4B11-A6F5-CBD2D3BCAEA3}"
EndProject
Project("{FAE04EC0-301F-11D3-BF4B-00C04F79EFBC}") = "BusinessLogic", "BusinessLogic\BusinessLogic.csproj", "{1CC99FEF-FFD3-4849-ABB2-0072927018FA}"
EndProject
Project("{FAE04EC0-301F-11D3-BF4B-00C04F79EFBC}") = "DataLogic", "DataLogic\DataLogic.csproj", "{99B7CF90-02FA-4D5D-901B-8599CE374942}"
EndProject
Global
	GlobalSection(SolutionConfigurationPlatforms) = preSolution
		Debug|Any CPU = Debug|Any CPU
		Release|Any CPU = Release|Any CPU
	EndGlobalSection
	GlobalSection(ProjectConfigurationPlatforms) = postSolution
		{6464D6F0-0D58-4B11-A6F5-CBD2D3BCAEA3}.Debug|Any CPU.ActiveCfg = Debug|Any CPU
		{6464D6F0-0D58-4B11-A6F5-CBD2D3BCAEA3}.Debug|Any CPU.Build.0 = Debug|Any CPU
		{6464D6F0-0D58-4B11-A6F5-CBD2D3BCAEA3}.Release|Any CPU.ActiveCfg = Release|Any CPU
		{6464D6F0-0D58-4B11-A6F5-CBD2D3BCAEA3}.Release|Any CPU.Build.0 = Release|Any CPU
		{1CC99FEF-FFD3-4849-ABB2-0072927018FA}.Debug|Any CPU.ActiveCfg = Debug|Any CPU
		{1CC99FEF-FFD3-4849-ABB2-0072927018FA}.Debug|Any CPU.Build.0 = Debug|Any CPU
		{1CC99FEF-FFD3-4849-ABB2-0072927018FA}.Release|Any CPU.ActiveCfg = Release|Any CPU
		{1CC99FEF-FFD3-4849-ABB2-0072927018FA}.Release|Any CPU.Build.0 = Release|Any CPU
		{99B7CF90-02FA-4D5D-901B-8599CE374942}.Debug|Any CPU.ActiveCfg = Debug|Any CPU
		{99B7CF90-02FA-4D5D-901B-8599CE374942}.Debug|Any CPU.Build.0 = Debug|Any CPU
		{99B7CF90-02FA-4D5D-901B-8599CE374942}.Release|Any CPU.ActiveCfg = Release|Any CPU
		{99B7CF90-02FA-4D5D-901B-8599CE374942}.Release|Any CPU.Build.0 = Release|Any CPU
	EndGlobalSection
	GlobalSection(SolutionProperties) = preSolution
		HideSolutionNode = FALSE
	EndGlobalSection
EndGlobal
